
Microsoft Visual Studio Solution File, Format Version 12.00
# Visual Studio 15
VisualStudioVersion = 15.0.27428.2037
MinimumVisualStudioVersion = 10.0.40219.1
Project("{FAE04EC0-301F-11D3-BF4B-00C04F79EFBC}") = "Querying.Referrals.Services.Applications", "Querying.Referrals.Services.Applications\Querying.Referrals.Services.Applications.csproj", "{1809C28D-C5E1-479B-8BCD-84597D9B4CC2}"
EndProject
Project("{FAE04EC0-301F-11D3-BF4B-00C04F79EFBC}") = "Querying.Referrals.Services.ApiModels", "Querying.Referrals.Services.ApiModels\Querying.Referrals.Services.ApiModels.csproj", "{A2EBFEF2-B730-4E87-AB09-7AB749182697}"
EndProject
Project("{FAE04EC0-301F-11D3-BF4B-00C04F79EFBC}") = "Querying.Referrals.Services.Data", "Querying.Referrals.Services.Data\Querying.Referrals.Services.Data.csproj", "{CBADB464-9A2A-468A-B6DA-DA43B7467CF0}"
EndProject
Project("{FAE04EC0-301F-11D3-BF4B-00C04F79EFBC}") = "Querying.Referrals.Services.Repository", "Querying.Referrals.Services.Repository\Querying.Referrals.Services.Repository.csproj", "{0363E324-F416-4D11-97AF-0AC4D703335D}"
EndProject
Global
	GlobalSection(SolutionConfigurationPlatforms) = preSolution
		Debug|Any CPU = Debug|Any CPU
		Release|Any CPU = Release|Any CPU
	EndGlobalSection
	GlobalSection(ProjectConfigurationPlatforms) = postSolution
		{1809C28D-C5E1-479B-8BCD-84597D9B4CC2}.Debug|Any CPU.ActiveCfg = Debug|Any CPU
		{1809C28D-C5E1-479B-8BCD-84597D9B4CC2}.Debug|Any CPU.Build.0 = Debug|Any CPU
		{1809C28D-C5E1-479B-8BCD-84597D9B4CC2}.Release|Any CPU.ActiveCfg = Release|Any CPU
		{1809C28D-C5E1-479B-8BCD-84597D9B4CC2}.Release|Any CPU.Build.0 = Release|Any CPU
		{A2EBFEF2-B730-4E87-AB09-7AB749182697}.Debug|Any CPU.ActiveCfg = Debug|Any CPU
		{A2EBFEF2-B730-4E87-AB09-7AB749182697}.Debug|Any CPU.Build.0 = Debug|Any CPU
		{A2EBFEF2-B730-4E87-AB09-7AB749182697}.Release|Any CPU.ActiveCfg = Release|Any CPU
		{A2EBFEF2-B730-4E87-AB09-7AB749182697}.Release|Any CPU.Build.0 = Release|Any CPU
		{CBADB464-9A2A-468A-B6DA-DA43B7467CF0}.Debug|Any CPU.ActiveCfg = Debug|Any CPU
		{CBADB464-9A2A-468A-B6DA-DA43B7467CF0}.Debug|Any CPU.Build.0 = Debug|Any CPU
		{CBADB464-9A2A-468A-B6DA-DA43B7467CF0}.Release|Any CPU.ActiveCfg = Release|Any CPU
		{CBADB464-9A2A-468A-B6DA-DA43B7467CF0}.Release|Any CPU.Build.0 = Release|Any CPU
		{0363E324-F416-4D11-97AF-0AC4D703335D}.Debug|Any CPU.ActiveCfg = Debug|Any CPU
		{0363E324-F416-4D11-97AF-0AC4D703335D}.Debug|Any CPU.Build.0 = Debug|Any CPU
		{0363E324-F416-4D11-97AF-0AC4D703335D}.Release|Any CPU.ActiveCfg = Release|Any CPU
		{0363E324-F416-4D11-97AF-0AC4D703335D}.Release|Any CPU.Build.0 = Release|Any CPU
	EndGlobalSection
	GlobalSection(SolutionProperties) = preSolution
		HideSolutionNode = FALSE
	EndGlobalSection
	GlobalSection(ExtensibilityGlobals) = postSolution
		SolutionGuid = {4C48EC54-6367-4F32-BAB7-78B7C30880FA}
	EndGlobalSection
EndGlobal
